
Microsoft Visual Studio Solution File, Format Version 12.00
# Visual Studio 15
VisualStudioVersion = 15.0.28010.2036
MinimumVisualStudioVersion = 10.0.40219.1
Project("{FAE04EC0-301F-11D3-BF4B-00C04F79EFBC}") = "Lesson.WebUI", "Lesson.WebUI\Lesson.WebUI.csproj", "{5EC3D5B0-2AB2-476D-9D52-749F4B4608D7}"
EndProject
Project("{FAE04EC0-301F-11D3-BF4B-00C04F79EFBC}") = "Lesson.Entity", "Lesson.Entity\Lesson.Entity.csproj", "{567FE58D-B992-494F-AD4B-FD8334857095}"
EndProject
Project("{FAE04EC0-301F-11D3-BF4B-00C04F79EFBC}") = "Lesson.Data", "Lesson.Data\Lesson.Data.csproj", "{C11C7623-CDB1-4A23-A20B-9E4F76D7893B}"
EndProject
Global
	GlobalSection(SolutionConfigurationPlatforms) = preSolution
		Debug|Any CPU = Debug|Any CPU
		Release|Any CPU = Release|Any CPU
	EndGlobalSection
	GlobalSection(ProjectConfigurationPlatforms) = postSolution
		{5EC3D5B0-2AB2-476D-9D52-749F4B4608D7}.Debug|Any CPU.ActiveCfg = Debug|Any CPU
		{5EC3D5B0-2AB2-476D-9D52-749F4B4608D7}.Debug|Any CPU.Build.0 = Debug|Any CPU
		{5EC3D5B0-2AB2-476D-9D52-749F4B4608D7}.Release|Any CPU.ActiveCfg = Release|Any CPU
		{5EC3D5B0-2AB2-476D-9D52-749F4B4608D7}.Release|Any CPU.Build.0 = Release|Any CPU
		{567FE58D-B992-494F-AD4B-FD8334857095}.Debug|Any CPU.ActiveCfg = Debug|Any CPU
		{567FE58D-B992-494F-AD4B-FD8334857095}.Debug|Any CPU.Build.0 = Debug|Any CPU
		{567FE58D-B992-494F-AD4B-FD8334857095}.Release|Any CPU.ActiveCfg = Release|Any CPU
		{567FE58D-B992-494F-AD4B-FD8334857095}.Release|Any CPU.Build.0 = Release|Any CPU
		{C11C7623-CDB1-4A23-A20B-9E4F76D7893B}.Debug|Any CPU.ActiveCfg = Debug|Any CPU
		{C11C7623-CDB1-4A23-A20B-9E4F76D7893B}.Debug|Any CPU.Build.0 = Debug|Any CPU
		{C11C7623-CDB1-4A23-A20B-9E4F76D7893B}.Release|Any CPU.ActiveCfg = Release|Any CPU
		{C11C7623-CDB1-4A23-A20B-9E4F76D7893B}.Release|Any CPU.Build.0 = Release|Any CPU
	EndGlobalSection
	GlobalSection(SolutionProperties) = preSolution
		HideSolutionNode = FALSE
	EndGlobalSection
	GlobalSection(ExtensibilityGlobals) = postSolution
		SolutionGuid = {87C2A19C-04C0-46DA-A929-62FDCCBE571C}
	EndGlobalSection
EndGlobal
